
Microsoft Visual Studio Solution File, Format Version 12.00
# Visual Studio 15
VisualStudioVersion = 15.0.28010.2041
MinimumVisualStudioVersion = 10.0.40219.1
Project("{FAE04EC0-301F-11D3-BF4B-00C04F79EFBC}") = "Lapet2", "Lapet2\Lapet2.csproj", "{6CB9872E-3C64-429A-9FB3-0C6F0A08428C}"
EndProject
Global
	GlobalSection(SolutionConfigurationPlatforms) = preSolution
		Debug|Any CPU = Debug|Any CPU
		Release|Any CPU = Release|Any CPU
	EndGlobalSection
	GlobalSection(ProjectConfigurationPlatforms) = postSolution
		{6CB9872E-3C64-429A-9FB3-0C6F0A08428C}.Debug|Any CPU.ActiveCfg = Debug|Any CPU
		{6CB9872E-3C64-429A-9FB3-0C6F0A08428C}.Debug|Any CPU.Build.0 = Debug|Any CPU
		{6CB9872E-3C64-429A-9FB3-0C6F0A08428C}.Release|Any CPU.ActiveCfg = Release|Any CPU
		{6CB9872E-3C64-429A-9FB3-0C6F0A08428C}.Release|Any CPU.Build.0 = Release|Any CPU
	EndGlobalSection
	GlobalSection(SolutionProperties) = preSolution
		HideSolutionNode = FALSE
	EndGlobalSection
	GlobalSection(ExtensibilityGlobals) = postSolution
		SolutionGuid = {D37FCE4C-24FD-497B-AD59-37F0CAFCAEE9}
	EndGlobalSection
EndGlobal
